// !$*UTF8*$!
{
	archiveVersion = 1;
	classes = {
	};
	objectVersion = 56;
	objects = {

/* Begin PBXBuildFile section */
		FC2004432AAB714700A27AD9 /* MovieDetailView.swift in Sources */ = {isa = PBXBuildFile; fileRef = FC2004422AAB714700A27AD9 /* MovieDetailView.swift */; };
		FC4585EF2AA76CD800515DEE /* AlbumListViewModelTests.swift in Sources */ = {isa = PBXBuildFile; fileRef = FC4585EE2AA76CD800515DEE /* AlbumListViewModelTests.swift */; };
		FC4585F22AA76D2E00515DEE /* APIServiceMock.swift in Sources */ = {isa = PBXBuildFile; fileRef = FC4585F12AA76D2E00515DEE /* APIServiceMock.swift */; };
		FC4585F52AA78BDB00515DEE /* songsResult.json in Resources */ = {isa = PBXBuildFile; fileRef = FC4585F42AA78BDB00515DEE /* songsResult.json */; };
		FC4585F72AA78F7800515DEE /* MockURLProtocol.swift in Sources */ = {isa = PBXBuildFile; fileRef = FC4585F62AA78F7800515DEE /* MockURLProtocol.swift */; };
		FC4585FA2AA88BCA00515DEE /* SongListViewModelTests.swift in Sources */ = {isa = PBXBuildFile; fileRef = FC4585F92AA88BCA00515DEE /* SongListViewModelTests.swift */; };
		FCA7F29F2A9F2A3300DB9AE0 /* SearchView.swift in Sources */ = {isa = PBXBuildFile; fileRef = FCA7F29E2A9F2A3300DB9AE0 /* SearchView.swift */; };
		FCA7F2A12A9F2CD900DB9AE0 /* SearchAllListView.swift in Sources */ = {isa = PBXBuildFile; fileRef = FCA7F2A02A9F2CD900DB9AE0 /* SearchAllListView.swift */; };
		FCA7F2A32A9F477500DB9AE0 /* SongRowView.swift in Sources */ = {isa = PBXBuildFile; fileRef = FCA7F2A22A9F477500DB9AE0 /* SongRowView.swift */; };
		FCA7F2A62A9F488900DB9AE0 /* BuyButtonStyle.swift in Sources */ = {isa = PBXBuildFile; fileRef = FCA7F2A52A9F488900DB9AE0 /* BuyButtonStyle.swift */; };
		FCA7F2A82A9F4A6B00DB9AE0 /* ImageLoadingView.swift in Sources */ = {isa = PBXBuildFile; fileRef = FCA7F2A72A9F4A6B00DB9AE0 /* ImageLoadingView.swift */; };
		FCA7F2AA2A9F4A9D00DB9AE0 /* AlbumRowView.swift in Sources */ = {isa = PBXBuildFile; fileRef = FCA7F2A92A9F4A9D00DB9AE0 /* AlbumRowView.swift */; };
		FCA7F2AC2A9F4CE900DB9AE0 /* BuyButton.swift in Sources */ = {isa = PBXBuildFile; fileRef = FCA7F2AB2A9F4CE900DB9AE0 /* BuyButton.swift */; };
		FCA7F2AE2A9F4DE200DB9AE0 /* MovieRowView.swift in Sources */ = {isa = PBXBuildFile; fileRef = FCA7F2AD2A9F4DE200DB9AE0 /* MovieRowView.swift */; };
		FCA7F2B02A9F525B00DB9AE0 /* SongSectionView.swift in Sources */ = {isa = PBXBuildFile; fileRef = FCA7F2AF2A9F525B00DB9AE0 /* SongSectionView.swift */; };
		FCA7F2B22A9F526800DB9AE0 /* MovieSectionView.swift in Sources */ = {isa = PBXBuildFile; fileRef = FCA7F2B12A9F526800DB9AE0 /* MovieSectionView.swift */; };
		FCA7F2B42A9F527A00DB9AE0 /* AlbumSectionView.swift in Sources */ = {isa = PBXBuildFile; fileRef = FCA7F2B32A9F527A00DB9AE0 /* AlbumSectionView.swift */; };
		FCA7F2B62A9F95F800DB9AE0 /* AlbumDetailView.swift in Sources */ = {isa = PBXBuildFile; fileRef = FCA7F2B52A9F95F800DB9AE0 /* AlbumDetailView.swift */; };
		FCA7F2B82A9F9BFF00DB9AE0 /* SongsForAlbumListViewModel.swift in Sources */ = {isa = PBXBuildFile; fileRef = FCA7F2B72A9F9BFF00DB9AE0 /* SongsForAlbumListViewModel.swift */; };
		FCA7F2BC2AA098E300DB9AE0 /* SongsForAlbumListView.swift in Sources */ = {isa = PBXBuildFile; fileRef = FCA7F2BB2AA098E300DB9AE0 /* SongsForAlbumListView.swift */; };
		FCA7F2C22AA0A5D600DB9AE0 /* APIServiceTests.swift in Sources */ = {isa = PBXBuildFile; fileRef = FCA7F2C12AA0A5D600DB9AE0 /* APIServiceTests.swift */; };
		FCA7F2C52AA0BE7300DB9AE0 /* SongDetailView.swift in Sources */ = {isa = PBXBuildFile; fileRef = FCA7F2C42AA0BE7300DB9AE0 /* SongDetailView.swift */; };
		FCA7F2C72AA0C08500DB9AE0 /* AlbumForSongViewModel.swift in Sources */ = {isa = PBXBuildFile; fileRef = FCA7F2C62AA0C08500DB9AE0 /* AlbumForSongViewModel.swift */; };
		FCA7F2C92AA0EC0E00DB9AE0 /* SongGridView.swift in Sources */ = {isa = PBXBuildFile; fileRef = FCA7F2C82AA0EC0E00DB9AE0 /* SongGridView.swift */; };
		FCA7F2CB2AA0EC8300DB9AE0 /* AlbumHeaderDetailView.swift in Sources */ = {isa = PBXBuildFile; fileRef = FCA7F2CA2AA0EC8300DB9AE0 /* AlbumHeaderDetailView.swift */; };
		FCB8EE0A2A9DF7D00034EFDA /* iTunesSearchApp.swift in Sources */ = {isa = PBXBuildFile; fileRef = FCB8EE092A9DF7D00034EFDA /* iTunesSearchApp.swift */; };
		FCB8EE0C2A9DF7D00034EFDA /* ContentView.swift in Sources */ = {isa = PBXBuildFile; fileRef = FCB8EE0B2A9DF7D00034EFDA /* ContentView.swift */; };
		FCB8EE0E2A9DF7D30034EFDA /* Assets.xcassets in Resources */ = {isa = PBXBuildFile; fileRef = FCB8EE0D2A9DF7D30034EFDA /* Assets.xcassets */; };
		FCB8EE112A9DF7D30034EFDA /* Preview Assets.xcassets in Resources */ = {isa = PBXBuildFile; fileRef = FCB8EE102A9DF7D30034EFDA /* Preview Assets.xcassets */; };
		FCB8EE1B2A9DF7D30034EFDA /* iTunesSearchTests.swift in Sources */ = {isa = PBXBuildFile; fileRef = FCB8EE1A2A9DF7D30034EFDA /* iTunesSearchTests.swift */; };
		FCD772D82A9DF846002D1B6F /* AlbumListViewModel.swift in Sources */ = {isa = PBXBuildFile; fileRef = FCD772D32A9DF846002D1B6F /* AlbumListViewModel.swift */; };
		FCD772D92A9DF846002D1B6F /* Movie.swift in Sources */ = {isa = PBXBuildFile; fileRef = FCD772D52A9DF846002D1B6F /* Movie.swift */; };
		FCD772DA2A9DF847002D1B6F /* Song.swift in Sources */ = {isa = PBXBuildFile; fileRef = FCD772D62A9DF846002D1B6F /* Song.swift */; };
		FCD772DB2A9DF847002D1B6F /* Album.swift in Sources */ = {isa = PBXBuildFile; fileRef = FCD772D72A9DF846002D1B6F /* Album.swift */; };
		FCD772DF2A9DF9CE002D1B6F /* AlbumListView.swift in Sources */ = {isa = PBXBuildFile; fileRef = FCD772DE2A9DF9CE002D1B6F /* AlbumListView.swift */; };
		FCD772E22A9E1FBD002D1B6F /* AlbumSearchView.swift in Sources */ = {isa = PBXBuildFile; fileRef = FCD772E12A9E1FBD002D1B6F /* AlbumSearchView.swift */; };
		FCD772E42A9E2664002D1B6F /* APIError.swift in Sources */ = {isa = PBXBuildFile; fileRef = FCD772E32A9E2664002D1B6F /* APIError.swift */; };
		FCD772E72A9E2D9B002D1B6F /* APIService.swift in Sources */ = {isa = PBXBuildFile; fileRef = FCD772E62A9E2D9B002D1B6F /* APIService.swift */; };
		FCD772EA2A9E344C002D1B6F /* SongListViewModel.swift in Sources */ = {isa = PBXBuildFile; fileRef = FCD772E92A9E344C002D1B6F /* SongListViewModel.swift */; };
		FCD772ED2A9E3465002D1B6F /* MovieListViewModel.swift in Sources */ = {isa = PBXBuildFile; fileRef = FCD772EC2A9E3465002D1B6F /* MovieListViewModel.swift */; };
		FCD772EF2A9E3506002D1B6F /* FetchState.swift in Sources */ = {isa = PBXBuildFile; fileRef = FCD772EE2A9E3506002D1B6F /* FetchState.swift */; };
		FCD772F12A9E352A002D1B6F /* EntityType.swift in Sources */ = {isa = PBXBuildFile; fileRef = FCD772F02A9E352A002D1B6F /* EntityType.swift */; };
		FCD772F32A9E368E002D1B6F /* MovieSearchView.swift in Sources */ = {isa = PBXBuildFile; fileRef = FCD772F22A9E368E002D1B6F /* MovieSearchView.swift */; };
		FCD772F52A9E369E002D1B6F /* SongListView.swift in Sources */ = {isa = PBXBuildFile; fileRef = FCD772F42A9E369E002D1B6F /* SongListView.swift */; };
		FCD772F72A9E3748002D1B6F /* MovieListView.swift in Sources */ = {isa = PBXBuildFile; fileRef = FCD772F62A9E3748002D1B6F /* MovieListView.swift */; };
		FCD772F92A9E500C002D1B6F /* SongSearchView.swift in Sources */ = {isa = PBXBuildFile; fileRef = FCD772F82A9E500C002D1B6F /* SongSearchView.swift */; };
		FCD772FB2A9E5676002D1B6F /* SearchPlaceholderView.swift in Sources */ = {isa = PBXBuildFile; fileRef = FCD772FA2A9E5676002D1B6F /* SearchPlaceholderView.swift */; };
/* End PBXBuildFile section */

/* Begin PBXContainerItemProxy section */
		FCB8EE172A9DF7D30034EFDA /* PBXContainerItemProxy */ = {
			isa = PBXContainerItemProxy;
			containerPortal = FCB8EDFE2A9DF7D00034EFDA /* Project object */;
			proxyType = 1;
			remoteGlobalIDString = FCB8EE052A9DF7D00034EFDA;
			remoteInfo = iTunesSearch;
		};
/* End PBXContainerItemProxy section */

/* Begin PBXFileReference section */
		FC2004422AAB714700A27AD9 /* MovieDetailView.swift */ = {isa = PBXFileReference; lastKnownFileType = sourcecode.swift; path = MovieDetailView.swift; sourceTree = "<group>"; };
		FC4585EE2AA76CD800515DEE /* AlbumListViewModelTests.swift */ = {isa = PBXFileReference; lastKnownFileType = sourcecode.swift; path = AlbumListViewModelTests.swift; sourceTree = "<group>"; };
		FC4585F12AA76D2E00515DEE /* APIServiceMock.swift */ = {isa = PBXFileReference; lastKnownFileType = sourcecode.swift; path = APIServiceMock.swift; sourceTree = "<group>"; };
		FC4585F42AA78BDB00515DEE /* songsResult.json */ = {isa = PBXFileReference; fileEncoding = 4; lastKnownFileType = text.json; path = songsResult.json; sourceTree = "<group>"; };
		FC4585F62AA78F7800515DEE /* MockURLProtocol.swift */ = {isa = PBXFileReference; lastKnownFileType = sourcecode.swift; path = MockURLProtocol.swift; sourceTree = "<group>"; };
		FC4585F92AA88BCA00515DEE /* SongListViewModelTests.swift */ = {isa = PBXFileReference; lastKnownFileType = sourcecode.swift; path = SongListViewModelTests.swift; sourceTree = "<group>"; };
		FCA7F29E2A9F2A3300DB9AE0 /* SearchView.swift */ = {isa = PBXFileReference; lastKnownFileType = sourcecode.swift; path = SearchView.swift; sourceTree = "<group>"; };
		FCA7F2A02A9F2CD900DB9AE0 /* SearchAllListView.swift */ = {isa = PBXFileReference; lastKnownFileType = sourcecode.swift; path = SearchAllListView.swift; sourceTree = "<group>"; };
		FCA7F2A22A9F477500DB9AE0 /* SongRowView.swift */ = {isa = PBXFileReference; lastKnownFileType = sourcecode.swift; path = SongRowView.swift; sourceTree = "<group>"; };
		FCA7F2A52A9F488900DB9AE0 /* BuyButtonStyle.swift */ = {isa = PBXFileReference; lastKnownFileType = sourcecode.swift; path = BuyButtonStyle.swift; sourceTree = "<group>"; };
		FCA7F2A72A9F4A6B00DB9AE0 /* ImageLoadingView.swift */ = {isa = PBXFileReference; lastKnownFileType = sourcecode.swift; path = ImageLoadingView.swift; sourceTree = "<group>"; };
		FCA7F2A92A9F4A9D00DB9AE0 /* AlbumRowView.swift */ = {isa = PBXFileReference; lastKnownFileType = sourcecode.swift; path = AlbumRowView.swift; sourceTree = "<group>"; };
		FCA7F2AB2A9F4CE900DB9AE0 /* BuyButton.swift */ = {isa = PBXFileReference; lastKnownFileType = sourcecode.swift; path = BuyButton.swift; sourceTree = "<group>"; };
		FCA7F2AD2A9F4DE200DB9AE0 /* MovieRowView.swift */ = {isa = PBXFileReference; lastKnownFileType = sourcecode.swift; path = MovieRowView.swift; sourceTree = "<group>"; };
		FCA7F2AF2A9F525B00DB9AE0 /* SongSectionView.swift */ = {isa = PBXFileReference; lastKnownFileType = sourcecode.swift; path = SongSectionView.swift; sourceTree = "<group>"; };
		FCA7F2B12A9F526800DB9AE0 /* MovieSectionView.swift */ = {isa = PBXFileReference; lastKnownFileType = sourcecode.swift; path = MovieSectionView.swift; sourceTree = "<group>"; };
		FCA7F2B32A9F527A00DB9AE0 /* AlbumSectionView.swift */ = {isa = PBXFileReference; lastKnownFileType = sourcecode.swift; path = AlbumSectionView.swift; sourceTree = "<group>"; };
		FCA7F2B52A9F95F800DB9AE0 /* AlbumDetailView.swift */ = {isa = PBXFileReference; lastKnownFileType = sourcecode.swift; path = AlbumDetailView.swift; sourceTree = "<group>"; };
		FCA7F2B72A9F9BFF00DB9AE0 /* SongsForAlbumListViewModel.swift */ = {isa = PBXFileReference; lastKnownFileType = sourcecode.swift; path = SongsForAlbumListViewModel.swift; sourceTree = "<group>"; };
		FCA7F2BB2AA098E300DB9AE0 /* SongsForAlbumListView.swift */ = {isa = PBXFileReference; lastKnownFileType = sourcecode.swift; path = SongsForAlbumListView.swift; sourceTree = "<group>"; };
		FCA7F2C12AA0A5D600DB9AE0 /* APIServiceTests.swift */ = {isa = PBXFileReference; lastKnownFileType = sourcecode.swift; path = APIServiceTests.swift; sourceTree = "<group>"; };
		FCA7F2C42AA0BE7300DB9AE0 /* SongDetailView.swift */ = {isa = PBXFileReference; lastKnownFileType = sourcecode.swift; path = SongDetailView.swift; sourceTree = "<group>"; };
		FCA7F2C62AA0C08500DB9AE0 /* AlbumForSongViewModel.swift */ = {isa = PBXFileReference; lastKnownFileType = sourcecode.swift; path = AlbumForSongViewModel.swift; sourceTree = "<group>"; };
		FCA7F2C82AA0EC0E00DB9AE0 /* SongGridView.swift */ = {isa = PBXFileReference; lastKnownFileType = sourcecode.swift; path = SongGridView.swift; sourceTree = "<group>"; };
		FCA7F2CA2AA0EC8300DB9AE0 /* AlbumHeaderDetailView.swift */ = {isa = PBXFileReference; lastKnownFileType = sourcecode.swift; path = AlbumHeaderDetailView.swift; sourceTree = "<group>"; };
		FCB8EE062A9DF7D00034EFDA /* iTunesSearch.app */ = {isa = PBXFileReference; explicitFileType = wrapper.application; includeInIndex = 0; path = iTunesSearch.app; sourceTree = BUILT_PRODUCTS_DIR; };
		FCB8EE092A9DF7D00034EFDA /* iTunesSearchApp.swift */ = {isa = PBXFileReference; lastKnownFileType = sourcecode.swift; path = iTunesSearchApp.swift; sourceTree = "<group>"; };
		FCB8EE0B2A9DF7D00034EFDA /* ContentView.swift */ = {isa = PBXFileReference; lastKnownFileType = sourcecode.swift; path = ContentView.swift; sourceTree = "<group>"; };
		FCB8EE0D2A9DF7D30034EFDA /* Assets.xcassets */ = {isa = PBXFileReference; lastKnownFileType = folder.assetcatalog; path = Assets.xcassets; sourceTree = "<group>"; };
		FCB8EE102A9DF7D30034EFDA /* Preview Assets.xcassets */ = {isa = PBXFileReference; lastKnownFileType = folder.assetcatalog; path = "Preview Assets.xcassets"; sourceTree = "<group>"; };
		FCB8EE162A9DF7D30034EFDA /* iTunesSearchTests.xctest */ = {isa = PBXFileReference; explicitFileType = wrapper.cfbundle; includeInIndex = 0; path = iTunesSearchTests.xctest; sourceTree = BUILT_PRODUCTS_DIR; };
		FCB8EE1A2A9DF7D30034EFDA /* iTunesSearchTests.swift */ = {isa = PBXFileReference; lastKnownFileType = sourcecode.swift; path = iTunesSearchTests.swift; sourceTree = "<group>"; };
		FCD772D02A9DF834002D1B6F /* README.md */ = {isa = PBXFileReference; lastKnownFileType = net.daringfireball.markdown; path = README.md; sourceTree = "<group>"; };
		FCD772D32A9DF846002D1B6F /* AlbumListViewModel.swift */ = {isa = PBXFileReference; fileEncoding = 4; lastKnownFileType = sourcecode.swift; path = AlbumListViewModel.swift; sourceTree = "<group>"; };
		FCD772D52A9DF846002D1B6F /* Movie.swift */ = {isa = PBXFileReference; fileEncoding = 4; lastKnownFileType = sourcecode.swift; path = Movie.swift; sourceTree = "<group>"; };
		FCD772D62A9DF846002D1B6F /* Song.swift */ = {isa = PBXFileReference; fileEncoding = 4; lastKnownFileType = sourcecode.swift; path = Song.swift; sourceTree = "<group>"; };
		FCD772D72A9DF846002D1B6F /* Album.swift */ = {isa = PBXFileReference; fileEncoding = 4; lastKnownFileType = sourcecode.swift; path = Album.swift; sourceTree = "<group>"; };
		FCD772DE2A9DF9CE002D1B6F /* AlbumListView.swift */ = {isa = PBXFileReference; lastKnownFileType = sourcecode.swift; path = AlbumListView.swift; sourceTree = "<group>"; };
		FCD772E12A9E1FBD002D1B6F /* AlbumSearchView.swift */ = {isa = PBXFileReference; lastKnownFileType = sourcecode.swift; path = AlbumSearchView.swift; sourceTree = "<group>"; };
		FCD772E32A9E2664002D1B6F /* APIError.swift */ = {isa = PBXFileReference; lastKnownFileType = sourcecode.swift; path = APIError.swift; sourceTree = "<group>"; };
		FCD772E62A9E2D9B002D1B6F /* APIService.swift */ = {isa = PBXFileReference; lastKnownFileType = sourcecode.swift; path = APIService.swift; sourceTree = "<group>"; };
		FCD772E92A9E344C002D1B6F /* SongListViewModel.swift */ = {isa = PBXFileReference; lastKnownFileType = sourcecode.swift; path = SongListViewModel.swift; sourceTree = "<group>"; };
		FCD772EC2A9E3465002D1B6F /* MovieListViewModel.swift */ = {isa = PBXFileReference; lastKnownFileType = sourcecode.swift; path = MovieListViewModel.swift; sourceTree = "<group>"; };
		FCD772EE2A9E3506002D1B6F /* FetchState.swift */ = {isa = PBXFileReference; lastKnownFileType = sourcecode.swift; path = FetchState.swift; sourceTree = "<group>"; };
		FCD772F02A9E352A002D1B6F /* EntityType.swift */ = {isa = PBXFileReference; lastKnownFileType = sourcecode.swift; path = EntityType.swift; sourceTree = "<group>"; };
		FCD772F22A9E368E002D1B6F /* MovieSearchView.swift */ = {isa = PBXFileReference; lastKnownFileType = sourcecode.swift; path = MovieSearchView.swift; sourceTree = "<group>"; };
		FCD772F42A9E369E002D1B6F /* SongListView.swift */ = {isa = PBXFileReference; lastKnownFileType = sourcecode.swift; path = SongListView.swift; sourceTree = "<group>"; };
		FCD772F62A9E3748002D1B6F /* MovieListView.swift */ = {isa = PBXFileReference; lastKnownFileType = sourcecode.swift; path = MovieListView.swift; sourceTree = "<group>"; };
		FCD772F82A9E500C002D1B6F /* SongSearchView.swift */ = {isa = PBXFileReference; lastKnownFileType = sourcecode.swift; path = SongSearchView.swift; sourceTree = "<group>"; };
		FCD772FA2A9E5676002D1B6F /* SearchPlaceholderView.swift */ = {isa = PBXFileReference; lastKnownFileType = sourcecode.swift; path = SearchPlaceholderView.swift; sourceTree = "<group>"; };
/* End PBXFileReference section */

/* Begin PBXFrameworksBuildPhase section */
		FCB8EE032A9DF7D00034EFDA /* Frameworks */ = {
			isa = PBXFrameworksBuildPhase;
			buildActionMask = 2147483647;
			files = (
			);
			runOnlyForDeploymentPostprocessing = 0;
		};
		FCB8EE132A9DF7D30034EFDA /* Frameworks */ = {
			isa = PBXFrameworksBuildPhase;
			buildActionMask = 2147483647;
			files = (
			);
			runOnlyForDeploymentPostprocessing = 0;
		};
/* End PBXFrameworksBuildPhase section */

/* Begin PBXGroup section */
		FC2004412AAB712D00A27AD9 /* MovieDetailView */ = {
			isa = PBXGroup;
			children = (
				FC2004422AAB714700A27AD9 /* MovieDetailView.swift */,
			);
			path = MovieDetailView;
			sourceTree = "<group>";
		};
		FC4585ED2AA76CBA00515DEE /* AlbumList */ = {
			isa = PBXGroup;
			children = (
				FC4585EE2AA76CD800515DEE /* AlbumListViewModelTests.swift */,
			);
			path = AlbumList;
			sourceTree = "<group>";
		};
		FC4585F02AA76D1600515DEE /* Mocks */ = {
			isa = PBXGroup;
			children = (
				FC4585F62AA78F7800515DEE /* MockURLProtocol.swift */,
				FC4585F12AA76D2E00515DEE /* APIServiceMock.swift */,
			);
			path = Mocks;
			sourceTree = "<group>";
		};
		FC4585F32AA78BDB00515DEE /* JsonResponse */ = {
			isa = PBXGroup;
			children = (
				FC4585F42AA78BDB00515DEE /* songsResult.json */,
			);
			path = JsonResponse;
			sourceTree = "<group>";
		};
		FC4585F82AA88BB000515DEE /* SongList */ = {
			isa = PBXGroup;
			children = (
				FC4585F92AA88BCA00515DEE /* SongListViewModelTests.swift */,
			);
			path = SongList;
			sourceTree = "<group>";
		};
		FCA7F29D2A9F2A1900DB9AE0 /* Search */ = {
			isa = PBXGroup;
			children = (
				FCA7F29E2A9F2A3300DB9AE0 /* SearchView.swift */,
				FCA7F2A02A9F2CD900DB9AE0 /* SearchAllListView.swift */,
			);
			path = Search;
			sourceTree = "<group>";
		};
		FCA7F2A42A9F487100DB9AE0 /* Reusable */ = {
			isa = PBXGroup;
			children = (
				FCA7F2AB2A9F4CE900DB9AE0 /* BuyButton.swift */,
				FCA7F2A52A9F488900DB9AE0 /* BuyButtonStyle.swift */,
				FCA7F2A72A9F4A6B00DB9AE0 /* ImageLoadingView.swift */,
				FCD772FA2A9E5676002D1B6F /* SearchPlaceholderView.swift */,
			);
			path = Reusable;
			sourceTree = "<group>";
		};
		FCA7F2BD2AA0991700DB9AE0 /* AlbumDetailView */ = {
			isa = PBXGroup;
			children = (
				FCA7F2B52A9F95F800DB9AE0 /* AlbumDetailView.swift */,
				FCA7F2CA2AA0EC8300DB9AE0 /* AlbumHeaderDetailView.swift */,
				FCA7F2BB2AA098E300DB9AE0 /* SongsForAlbumListView.swift */,
				FCA7F2B72A9F9BFF00DB9AE0 /* SongsForAlbumListViewModel.swift */,
				FCA7F2C82AA0EC0E00DB9AE0 /* SongGridView.swift */,
			);
			path = AlbumDetailView;
			sourceTree = "<group>";
		};
		FCA7F2BE2AA0A5A900DB9AE0 /* Services */ = {
			isa = PBXGroup;
			children = (
				FCA7F2C12AA0A5D600DB9AE0 /* APIServiceTests.swift */,
			);
			path = Services;
			sourceTree = "<group>";
		};
		FCA7F2C32AA0BE5900DB9AE0 /* SongDetailView */ = {
			isa = PBXGroup;
			children = (
				FCA7F2C42AA0BE7300DB9AE0 /* SongDetailView.swift */,
				FCA7F2C62AA0C08500DB9AE0 /* AlbumForSongViewModel.swift */,
			);
			path = SongDetailView;
			sourceTree = "<group>";
		};
		FCB8EDFD2A9DF7D00034EFDA = {
			isa = PBXGroup;
			children = (
				FCD772D02A9DF834002D1B6F /* README.md */,
				FCB8EE082A9DF7D00034EFDA /* iTunesSearch */,
				FCB8EE192A9DF7D30034EFDA /* iTunesSearchTests */,
				FCB8EE072A9DF7D00034EFDA /* Products */,
			);
			sourceTree = "<group>";
		};
		FCB8EE072A9DF7D00034EFDA /* Products */ = {
			isa = PBXGroup;
			children = (
				FCB8EE062A9DF7D00034EFDA /* iTunesSearch.app */,
				FCB8EE162A9DF7D30034EFDA /* iTunesSearchTests.xctest */,
			);
			name = Products;
			sourceTree = "<group>";
		};
		FCB8EE082A9DF7D00034EFDA /* iTunesSearch */ = {
			isa = PBXGroup;
			children = (
				FCB8EE092A9DF7D00034EFDA /* iTunesSearchApp.swift */,
				FCB8EE0B2A9DF7D00034EFDA /* ContentView.swift */,
				FCD772D12A9DF846002D1B6F /* Presentation */,
				FCD772D42A9DF846002D1B6F /* Model */,
				FCD772E52A9E2D89002D1B6F /* Services */,
				FCB8EE0D2A9DF7D30034EFDA /* Assets.xcassets */,
				FCB8EE0F2A9DF7D30034EFDA /* Preview Content */,
			);
			path = iTunesSearch;
			sourceTree = "<group>";
		};
		FCB8EE0F2A9DF7D30034EFDA /* Preview Content */ = {
			isa = PBXGroup;
			children = (
				FCB8EE102A9DF7D30034EFDA /* Preview Assets.xcassets */,
			);
			path = "Preview Content";
			sourceTree = "<group>";
		};
		FCB8EE192A9DF7D30034EFDA /* iTunesSearchTests */ = {
			isa = PBXGroup;
			children = (
				FCB8EE1A2A9DF7D30034EFDA /* iTunesSearchTests.swift */,
				FCD772E02A9E0316002D1B6F /* Presentation */,
				FCA7F2BE2AA0A5A900DB9AE0 /* Services */,
				FC4585F32AA78BDB00515DEE /* JsonResponse */,
				FC4585F02AA76D1600515DEE /* Mocks */,
			);
			path = iTunesSearchTests;
			sourceTree = "<group>";
		};
		FCD772D12A9DF846002D1B6F /* Presentation */ = {
			isa = PBXGroup;
			children = (
				FCA7F29D2A9F2A1900DB9AE0 /* Search */,
				FCD772D22A9DF846002D1B6F /* AlbumList */,
				FCD772E82A9E3434002D1B6F /* SongList */,
				FCD772EB2A9E3451002D1B6F /* MovieList */,
				FCA7F2A42A9F487100DB9AE0 /* Reusable */,
			);
			path = Presentation;
			sourceTree = "<group>";
		};
		FCD772D22A9DF846002D1B6F /* AlbumList */ = {
			isa = PBXGroup;
			children = (
				FCD772E12A9E1FBD002D1B6F /* AlbumSearchView.swift */,
				FCD772DE2A9DF9CE002D1B6F /* AlbumListView.swift */,
				FCD772D32A9DF846002D1B6F /* AlbumListViewModel.swift */,
				FCA7F2A92A9F4A9D00DB9AE0 /* AlbumRowView.swift */,
				FCA7F2B32A9F527A00DB9AE0 /* AlbumSectionView.swift */,
				FCA7F2BD2AA0991700DB9AE0 /* AlbumDetailView */,
			);
			path = AlbumList;
			sourceTree = "<group>";
		};
		FCD772D42A9DF846002D1B6F /* Model */ = {
			isa = PBXGroup;
			children = (
				FCD772D72A9DF846002D1B6F /* Album.swift */,
				FCD772D52A9DF846002D1B6F /* Movie.swift */,
				FCD772D62A9DF846002D1B6F /* Song.swift */,
				FCD772E32A9E2664002D1B6F /* APIError.swift */,
				FCD772EE2A9E3506002D1B6F /* FetchState.swift */,
				FCD772F02A9E352A002D1B6F /* EntityType.swift */,
			);
			path = Model;
			sourceTree = "<group>";
		};
		FCD772E02A9E0316002D1B6F /* Presentation */ = {
			isa = PBXGroup;
			children = (
				FC4585ED2AA76CBA00515DEE /* AlbumList */,
				FC4585F82AA88BB000515DEE /* SongList */,
			);
			path = Presentation;
			sourceTree = "<group>";
		};
		FCD772E52A9E2D89002D1B6F /* Services */ = {
			isa = PBXGroup;
			children = (
				FCD772E62A9E2D9B002D1B6F /* APIService.swift */,
			);
			path = Services;
			sourceTree = "<group>";
		};
		FCD772E82A9E3434002D1B6F /* SongList */ = {
			isa = PBXGroup;
			children = (
				FCD772F82A9E500C002D1B6F /* SongSearchView.swift */,
				FCD772F42A9E369E002D1B6F /* SongListView.swift */,
				FCD772E92A9E344C002D1B6F /* SongListViewModel.swift */,
				FCA7F2A22A9F477500DB9AE0 /* SongRowView.swift */,
				FCA7F2AF2A9F525B00DB9AE0 /* SongSectionView.swift */,
				FCA7F2C32AA0BE5900DB9AE0 /* SongDetailView */,
			);
			path = SongList;
			sourceTree = "<group>";
		};
		FCD772EB2A9E3451002D1B6F /* MovieList */ = {
			isa = PBXGroup;
			children = (
				FCD772F22A9E368E002D1B6F /* MovieSearchView.swift */,
				FCD772F62A9E3748002D1B6F /* MovieListView.swift */,
				FCD772EC2A9E3465002D1B6F /* MovieListViewModel.swift */,
				FCA7F2AD2A9F4DE200DB9AE0 /* MovieRowView.swift */,
				FCA7F2B12A9F526800DB9AE0 /* MovieSectionView.swift */,
				FC2004412AAB712D00A27AD9 /* MovieDetailView */,
			);
			path = MovieList;
			sourceTree = "<group>";
		};
/* End PBXGroup section */

/* Begin PBXNativeTarget section */
		FCB8EE052A9DF7D00034EFDA /* iTunesSearch */ = {
			isa = PBXNativeTarget;
			buildConfigurationList = FCB8EE2A2A9DF7D40034EFDA /* Build configuration list for PBXNativeTarget "iTunesSearch" */;
			buildPhases = (
				FCB8EE022A9DF7D00034EFDA /* Sources */,
				FCB8EE032A9DF7D00034EFDA /* Frameworks */,
				FCB8EE042A9DF7D00034EFDA /* Resources */,
			);
			buildRules = (
			);
			dependencies = (
			);
			name = iTunesSearch;
			productName = iTunesSearch;
			productReference = FCB8EE062A9DF7D00034EFDA /* iTunesSearch.app */;
			productType = "com.apple.product-type.application";
		};
		FCB8EE152A9DF7D30034EFDA /* iTunesSearchTests */ = {
			isa = PBXNativeTarget;
			buildConfigurationList = FCB8EE2D2A9DF7D40034EFDA /* Build configuration list for PBXNativeTarget "iTunesSearchTests" */;
			buildPhases = (
				FCB8EE122A9DF7D30034EFDA /* Sources */,
				FCB8EE132A9DF7D30034EFDA /* Frameworks */,
				FCB8EE142A9DF7D30034EFDA /* Resources */,
			);
			buildRules = (
			);
			dependencies = (
				FCB8EE182A9DF7D30034EFDA /* PBXTargetDependency */,
			);
			name = iTunesSearchTests;
			productName = iTunesSearchTests;
			productReference = FCB8EE162A9DF7D30034EFDA /* iTunesSearchTests.xctest */;
			productType = "com.apple.product-type.bundle.unit-test";
		};
/* End PBXNativeTarget section */

/* Begin PBXProject section */
		FCB8EDFE2A9DF7D00034EFDA /* Project object */ = {
			isa = PBXProject;
			attributes = {
				BuildIndependentTargetsInParallel = 1;
				LastSwiftUpdateCheck = 1500;
				LastUpgradeCheck = 1500;
				TargetAttributes = {
					FCB8EE052A9DF7D00034EFDA = {
						CreatedOnToolsVersion = 15.0;
					};
					FCB8EE152A9DF7D30034EFDA = {
						CreatedOnToolsVersion = 15.0;
						TestTargetID = FCB8EE052A9DF7D00034EFDA;
					};
				};
			};
			buildConfigurationList = FCB8EE012A9DF7D00034EFDA /* Build configuration list for PBXProject "iTunesSearch" */;
			compatibilityVersion = "Xcode 14.0";
			developmentRegion = en;
			hasScannedForEncodings = 0;
			knownRegions = (
				en,
				Base,
			);
			mainGroup = FCB8EDFD2A9DF7D00034EFDA;
			productRefGroup = FCB8EE072A9DF7D00034EFDA /* Products */;
			projectDirPath = "";
			projectRoot = "";
			targets = (
				FCB8EE052A9DF7D00034EFDA /* iTunesSearch */,
				FCB8EE152A9DF7D30034EFDA /* iTunesSearchTests */,
			);
		};
/* End PBXProject section */

/* Begin PBXResourcesBuildPhase section */
		FCB8EE042A9DF7D00034EFDA /* Resources */ = {
			isa = PBXResourcesBuildPhase;
			buildActionMask = 2147483647;
			files = (
				FCB8EE112A9DF7D30034EFDA /* Preview Assets.xcassets in Resources */,
				FCB8EE0E2A9DF7D30034EFDA /* Assets.xcassets in Resources */,
			);
			runOnlyForDeploymentPostprocessing = 0;
		};
		FCB8EE142A9DF7D30034EFDA /* Resources */ = {
			isa = PBXResourcesBuildPhase;
			buildActionMask = 2147483647;
			files = (
				FC4585F52AA78BDB00515DEE /* songsResult.json in Resources */,
			);
			runOnlyForDeploymentPostprocessing = 0;
		};
/* End PBXResourcesBuildPhase section */

/* Begin PBXSourcesBuildPhase section */
		FCB8EE022A9DF7D00034EFDA /* Sources */ = {
			isa = PBXSourcesBuildPhase;
			buildActionMask = 2147483647;
			files = (
				FCA7F2BC2AA098E300DB9AE0 /* SongsForAlbumListView.swift in Sources */,
				FCA7F2CB2AA0EC8300DB9AE0 /* AlbumHeaderDetailView.swift in Sources */,
				FCA7F29F2A9F2A3300DB9AE0 /* SearchView.swift in Sources */,
				FCB8EE0C2A9DF7D00034EFDA /* ContentView.swift in Sources */,
				FCB8EE0A2A9DF7D00034EFDA /* iTunesSearchApp.swift in Sources */,
				FCD772F32A9E368E002D1B6F /* MovieSearchView.swift in Sources */,
				FCD772F72A9E3748002D1B6F /* MovieListView.swift in Sources */,
				FCA7F2B82A9F9BFF00DB9AE0 /* SongsForAlbumListViewModel.swift in Sources */,
				FCD772F12A9E352A002D1B6F /* EntityType.swift in Sources */,
				FCD772EA2A9E344C002D1B6F /* SongListViewModel.swift in Sources */,
				FCD772E22A9E1FBD002D1B6F /* AlbumSearchView.swift in Sources */,
				FCD772D92A9DF846002D1B6F /* Movie.swift in Sources */,
				FCD772D82A9DF846002D1B6F /* AlbumListViewModel.swift in Sources */,
				FCA7F2B22A9F526800DB9AE0 /* MovieSectionView.swift in Sources */,
				FCA7F2AE2A9F4DE200DB9AE0 /* MovieRowView.swift in Sources */,
				FCA7F2B42A9F527A00DB9AE0 /* AlbumSectionView.swift in Sources */,
				FC2004432AAB714700A27AD9 /* MovieDetailView.swift in Sources */,
				FCD772DA2A9DF847002D1B6F /* Song.swift in Sources */,
				FCD772E72A9E2D9B002D1B6F /* APIService.swift in Sources */,
				FCA7F2C92AA0EC0E00DB9AE0 /* SongGridView.swift in Sources */,
				FCA7F2A32A9F477500DB9AE0 /* SongRowView.swift in Sources */,
				FCD772DB2A9DF847002D1B6F /* Album.swift in Sources */,
				FCA7F2A62A9F488900DB9AE0 /* BuyButtonStyle.swift in Sources */,
				FCD772F52A9E369E002D1B6F /* SongListView.swift in Sources */,
				FCD772FB2A9E5676002D1B6F /* SearchPlaceholderView.swift in Sources */,
				FCD772EF2A9E3506002D1B6F /* FetchState.swift in Sources */,
				FCA7F2AC2A9F4CE900DB9AE0 /* BuyButton.swift in Sources */,
				FCD772DF2A9DF9CE002D1B6F /* AlbumListView.swift in Sources */,
				FCA7F2AA2A9F4A9D00DB9AE0 /* AlbumRowView.swift in Sources */,
				FCD772E42A9E2664002D1B6F /* APIError.swift in Sources */,
				FCA7F2B62A9F95F800DB9AE0 /* AlbumDetailView.swift in Sources */,
				FCA7F2A12A9F2CD900DB9AE0 /* SearchAllListView.swift in Sources */,
				FCA7F2A82A9F4A6B00DB9AE0 /* ImageLoadingView.swift in Sources */,
				FCA7F2C52AA0BE7300DB9AE0 /* SongDetailView.swift in Sources */,
				FCD772ED2A9E3465002D1B6F /* MovieListViewModel.swift in Sources */,
				FCD772F92A9E500C002D1B6F /* SongSearchView.swift in Sources */,
				FCA7F2B02A9F525B00DB9AE0 /* SongSectionView.swift in Sources */,
				FCA7F2C72AA0C08500DB9AE0 /* AlbumForSongViewModel.swift in Sources */,
			);
			runOnlyForDeploymentPostprocessing = 0;
		};
		FCB8EE122A9DF7D30034EFDA /* Sources */ = {
			isa = PBXSourcesBuildPhase;
			buildActionMask = 2147483647;
			files = (
				FC4585F22AA76D2E00515DEE /* APIServiceMock.swift in Sources */,
				FC4585EF2AA76CD800515DEE /* AlbumListViewModelTests.swift in Sources */,
				FC4585F72AA78F7800515DEE /* MockURLProtocol.swift in Sources */,
				FCA7F2C22AA0A5D600DB9AE0 /* APIServiceTests.swift in Sources */,
				FCB8EE1B2A9DF7D30034EFDA /* iTunesSearchTests.swift in Sources */,
				FC4585FA2AA88BCA00515DEE /* SongListViewModelTests.swift in Sources */,
			);
			runOnlyForDeploymentPostprocessing = 0;
		};
/* End PBXSourcesBuildPhase section */

/* Begin PBXTargetDependency section */
		FCB8EE182A9DF7D30034EFDA /* PBXTargetDependency */ = {
			isa = PBXTargetDependency;
			target = FCB8EE052A9DF7D00034EFDA /* iTunesSearch */;
			targetProxy = FCB8EE172A9DF7D30034EFDA /* PBXContainerItemProxy */;
		};
/* End PBXTargetDependency section */

/* Begin XCBuildConfiguration section */
		FCB8EE282A9DF7D40034EFDA /* Debug */ = {
			isa = XCBuildConfiguration;
			buildSettings = {
				ALWAYS_SEARCH_USER_PATHS = NO;
				ASSETCATALOG_COMPILER_GENERATE_SWIFT_ASSET_SYMBOL_EXTENSIONS = YES;
				CLANG_ANALYZER_NONNULL = YES;
				CLANG_ANALYZER_NUMBER_OBJECT_CONVERSION = YES_AGGRESSIVE;
				CLANG_CXX_LANGUAGE_STANDARD = "gnu++20";
				CLANG_ENABLE_MODULES = YES;
				CLANG_ENABLE_OBJC_ARC = YES;
				CLANG_ENABLE_OBJC_WEAK = YES;
				CLANG_WARN_BLOCK_CAPTURE_AUTORELEASING = YES;
				CLANG_WARN_BOOL_CONVERSION = YES;
				CLANG_WARN_COMMA = YES;
				CLANG_WARN_CONSTANT_CONVERSION = YES;
				CLANG_WARN_DEPRECATED_OBJC_IMPLEMENTATIONS = YES;
				CLANG_WARN_DIRECT_OBJC_ISA_USAGE = YES_ERROR;
				CLANG_WARN_DOCUMENTATION_COMMENTS = YES;
				CLANG_WARN_EMPTY_BODY = YES;
				CLANG_WARN_ENUM_CONVERSION = YES;
				CLANG_WARN_INFINITE_RECURSION = YES;
				CLANG_WARN_INT_CONVERSION = YES;
				CLANG_WARN_NON_LITERAL_NULL_CONVERSION = YES;
				CLANG_WARN_OBJC_IMPLICIT_RETAIN_SELF = YES;
				CLANG_WARN_OBJC_LITERAL_CONVERSION = YES;
				CLANG_WARN_OBJC_ROOT_CLASS = YES_ERROR;
				CLANG_WARN_QUOTED_INCLUDE_IN_FRAMEWORK_HEADER = YES;
				CLANG_WARN_RANGE_LOOP_ANALYSIS = YES;
				CLANG_WARN_STRICT_PROTOTYPES = YES;
				CLANG_WARN_SUSPICIOUS_MOVE = YES;
				CLANG_WARN_UNGUARDED_AVAILABILITY = YES_AGGRESSIVE;
				CLANG_WARN_UNREACHABLE_CODE = YES;
				CLANG_WARN__DUPLICATE_METHOD_MATCH = YES;
				COPY_PHASE_STRIP = NO;
				DEBUG_INFORMATION_FORMAT = dwarf;
				ENABLE_STRICT_OBJC_MSGSEND = YES;
				ENABLE_TESTABILITY = YES;
				ENABLE_USER_SCRIPT_SANDBOXING = YES;
				GCC_C_LANGUAGE_STANDARD = gnu17;
				GCC_DYNAMIC_NO_PIC = NO;
				GCC_NO_COMMON_BLOCKS = YES;
				GCC_OPTIMIZATION_LEVEL = 0;
				GCC_PREPROCESSOR_DEFINITIONS = (
					"DEBUG=1",
					"$(inherited)",
				);
				GCC_WARN_64_TO_32_BIT_CONVERSION = YES;
				GCC_WARN_ABOUT_RETURN_TYPE = YES_ERROR;
				GCC_WARN_UNDECLARED_SELECTOR = YES;
				GCC_WARN_UNINITIALIZED_AUTOS = YES_AGGRESSIVE;
				GCC_WARN_UNUSED_FUNCTION = YES;
				GCC_WARN_UNUSED_VARIABLE = YES;
				IPHONEOS_DEPLOYMENT_TARGET = 16.0;
				LOCALIZATION_PREFERS_STRING_CATALOGS = YES;
				MTL_ENABLE_DEBUG_INFO = INCLUDE_SOURCE;
				MTL_FAST_MATH = YES;
				ONLY_ACTIVE_ARCH = YES;
				SDKROOT = iphoneos;
				SWIFT_ACTIVE_COMPILATION_CONDITIONS = "DEBUG $(inherited)";
				SWIFT_OPTIMIZATION_LEVEL = "-Onone";
			};
			name = Debug;
		};
		FCB8EE292A9DF7D40034EFDA /* Release */ = {
			isa = XCBuildConfiguration;
			buildSettings = {
				ALWAYS_SEARCH_USER_PATHS = NO;
				ASSETCATALOG_COMPILER_GENERATE_SWIFT_ASSET_SYMBOL_EXTENSIONS = YES;
				CLANG_ANALYZER_NONNULL = YES;
				CLANG_ANALYZER_NUMBER_OBJECT_CONVERSION = YES_AGGRESSIVE;
				CLANG_CXX_LANGUAGE_STANDARD = "gnu++20";
				CLANG_ENABLE_MODULES = YES;
				CLANG_ENABLE_OBJC_ARC = YES;
				CLANG_ENABLE_OBJC_WEAK = YES;
				CLANG_WARN_BLOCK_CAPTURE_AUTORELEASING = YES;
				CLANG_WARN_BOOL_CONVERSION = YES;
				CLANG_WARN_COMMA = YES;
				CLANG_WARN_CONSTANT_CONVERSION = YES;
				CLANG_WARN_DEPRECATED_OBJC_IMPLEMENTATIONS = YES;
				CLANG_WARN_DIRECT_OBJC_ISA_USAGE = YES_ERROR;
				CLANG_WARN_DOCUMENTATION_COMMENTS = YES;
				CLANG_WARN_EMPTY_BODY = YES;
				CLANG_WARN_ENUM_CONVERSION = YES;
				CLANG_WARN_INFINITE_RECURSION = YES;
				CLANG_WARN_INT_CONVERSION = YES;
				CLANG_WARN_NON_LITERAL_NULL_CONVERSION = YES;
				CLANG_WARN_OBJC_IMPLICIT_RETAIN_SELF = YES;
				CLANG_WARN_OBJC_LITERAL_CONVERSION = YES;
				CLANG_WARN_OBJC_ROOT_CLASS = YES_ERROR;
				CLANG_WARN_QUOTED_INCLUDE_IN_FRAMEWORK_HEADER = YES;
				CLANG_WARN_RANGE_LOOP_ANALYSIS = YES;
				CLANG_WARN_STRICT_PROTOTYPES = YES;
				CLANG_WARN_SUSPICIOUS_MOVE = YES;
				CLANG_WARN_UNGUARDED_AVAILABILITY = YES_AGGRESSIVE;
				CLANG_WARN_UNREACHABLE_CODE = YES;
				CLANG_WARN__DUPLICATE_METHOD_MATCH = YES;
				COPY_PHASE_STRIP = NO;
				DEBUG_INFORMATION_FORMAT = "dwarf-with-dsym";
				ENABLE_NS_ASSERTIONS = NO;
				ENABLE_STRICT_OBJC_MSGSEND = YES;
				ENABLE_USER_SCRIPT_SANDBOXING = YES;
				GCC_C_LANGUAGE_STANDARD = gnu17;
				GCC_NO_COMMON_BLOCKS = YES;
				GCC_WARN_64_TO_32_BIT_CONVERSION = YES;
				GCC_WARN_ABOUT_RETURN_TYPE = YES_ERROR;
				GCC_WARN_UNDECLARED_SELECTOR = YES;
				GCC_WARN_UNINITIALIZED_AUTOS = YES_AGGRESSIVE;
				GCC_WARN_UNUSED_FUNCTION = YES;
				GCC_WARN_UNUSED_VARIABLE = YES;
				IPHONEOS_DEPLOYMENT_TARGET = 16.0;
				LOCALIZATION_PREFERS_STRING_CATALOGS = YES;
				MTL_ENABLE_DEBUG_INFO = NO;
				MTL_FAST_MATH = YES;
				SDKROOT = iphoneos;
				SWIFT_COMPILATION_MODE = wholemodule;
				VALIDATE_PRODUCT = YES;
			};
			name = Release;
		};
		FCB8EE2B2A9DF7D40034EFDA /* Debug */ = {
			isa = XCBuildConfiguration;
			buildSettings = {
				ASSETCATALOG_COMPILER_APPICON_NAME = AppIcon;
				ASSETCATALOG_COMPILER_GLOBAL_ACCENT_COLOR_NAME = AccentColor;
				CODE_SIGN_STYLE = Automatic;
				CURRENT_PROJECT_VERSION = 1;
				DEVELOPMENT_ASSET_PATHS = "\"iTunesSearch/Preview Content\"";
				DEVELOPMENT_TEAM = 9Z75N4VCB9;
				ENABLE_PREVIEWS = YES;
				GENERATE_INFOPLIST_FILE = YES;
				INFOPLIST_KEY_UIApplicationSceneManifest_Generation = YES;
				INFOPLIST_KEY_UIApplicationSupportsIndirectInputEvents = YES;
				INFOPLIST_KEY_UILaunchScreen_Generation = YES;
				INFOPLIST_KEY_UISupportedInterfaceOrientations_iPad = "UIInterfaceOrientationPortrait UIInterfaceOrientationPortraitUpsideDown UIInterfaceOrientationLandscapeLeft UIInterfaceOrientationLandscapeRight";
				INFOPLIST_KEY_UISupportedInterfaceOrientations_iPhone = "UIInterfaceOrientationPortrait UIInterfaceOrientationLandscapeLeft UIInterfaceOrientationLandscapeRight";
				IPHONEOS_DEPLOYMENT_TARGET = 16.0;
				LD_RUNPATH_SEARCH_PATHS = (
					"$(inherited)",
					"@executable_path/Frameworks",
				);
				MARKETING_VERSION = 1.0;
				PRODUCT_BUNDLE_IDENTIFIER = com.as.iTunesSearch;
				PRODUCT_NAME = "$(TARGET_NAME)";
				SWIFT_EMIT_LOC_STRINGS = YES;
				SWIFT_VERSION = 5.0;
				TARGETED_DEVICE_FAMILY = "1,2";
			};
			name = Debug;
		};
		FCB8EE2C2A9DF7D40034EFDA /* Release */ = {
			isa = XCBuildConfiguration;
			buildSettings = {
				ASSETCATALOG_COMPILER_APPICON_NAME = AppIcon;
				ASSETCATALOG_COMPILER_GLOBAL_ACCENT_COLOR_NAME = AccentColor;
				CODE_SIGN_STYLE = Automatic;
				CURRENT_PROJECT_VERSION = 1;
				DEVELOPMENT_ASSET_PATHS = "\"iTunesSearch/Preview Content\"";
				DEVELOPMENT_TEAM = 9Z75N4VCB9;
				ENABLE_PREVIEWS = YES;
				GENERATE_INFOPLIST_FILE = YES;
				INFOPLIST_KEY_UIApplicationSceneManifest_Generation = YES;
				INFOPLIST_KEY_UIApplicationSupportsIndirectInputEvents = YES;
				INFOPLIST_KEY_UILaunchScreen_Generation = YES;
				INFOPLIST_KEY_UISupportedInterfaceOrientations_iPad = "UIInterfaceOrientationPortrait UIInterfaceOrientationPortraitUpsideDown UIInterfaceOrientationLandscapeLeft UIInterfaceOrientationLandscapeRight";
				INFOPLIST_KEY_UISupportedInterfaceOrientations_iPhone = "UIInterfaceOrientationPortrait UIInterfaceOrientationLandscapeLeft UIInterfaceOrientationLandscapeRight";
				IPHONEOS_DEPLOYMENT_TARGET = 16.0;
				LD_RUNPATH_SEARCH_PATHS = (
					"$(inherited)",
					"@executable_path/Frameworks",
				);
				MARKETING_VERSION = 1.0;
				PRODUCT_BUNDLE_IDENTIFIER = com.as.iTunesSearch;
				PRODUCT_NAME = "$(TARGET_NAME)";
				SWIFT_EMIT_LOC_STRINGS = YES;
				SWIFT_VERSION = 5.0;
				TARGETED_DEVICE_FAMILY = "1,2";
			};
			name = Release;
		};
		FCB8EE2E2A9DF7D40034EFDA /* Debug */ = {
			isa = XCBuildConfiguration;
			buildSettings = {
				ALWAYS_EMBED_SWIFT_STANDARD_LIBRARIES = YES;
				BUNDLE_LOADER = "$(TEST_HOST)";
				CODE_SIGN_STYLE = Automatic;
				CURRENT_PROJECT_VERSION = 1;
				GENERATE_INFOPLIST_FILE = YES;
				IPHONEOS_DEPLOYMENT_TARGET = 16.0;
				MARKETING_VERSION = 1.0;
				PRODUCT_BUNDLE_IDENTIFIER = com.as.iTunesSearchTests;
				PRODUCT_NAME = "$(TARGET_NAME)";
				SWIFT_EMIT_LOC_STRINGS = NO;
				SWIFT_VERSION = 5.0;
				TARGETED_DEVICE_FAMILY = "1,2";
				TEST_HOST = "$(BUILT_PRODUCTS_DIR)/iTunesSearch.app/$(BUNDLE_EXECUTABLE_FOLDER_PATH)/iTunesSearch";
			};
			name = Debug;
		};
		FCB8EE2F2A9DF7D40034EFDA /* Release */ = {
			isa = XCBuildConfiguration;
			buildSettings = {
				ALWAYS_EMBED_SWIFT_STANDARD_LIBRARIES = YES;
				BUNDLE_LOADER = "$(TEST_HOST)";
				CODE_SIGN_STYLE = Automatic;
				CURRENT_PROJECT_VERSION = 1;
				GENERATE_INFOPLIST_FILE = YES;
				IPHONEOS_DEPLOYMENT_TARGET = 16.0;
				MARKETING_VERSION = 1.0;
				PRODUCT_BUNDLE_IDENTIFIER = com.as.iTunesSearchTests;
				PRODUCT_NAME = "$(TARGET_NAME)";
				SWIFT_EMIT_LOC_STRINGS = NO;
				SWIFT_VERSION = 5.0;
				TARGETED_DEVICE_FAMILY = "1,2";
				TEST_HOST = "$(BUILT_PRODUCTS_DIR)/iTunesSearch.app/$(BUNDLE_EXECUTABLE_FOLDER_PATH)/iTunesSearch";
			};
			name = Release;
		};
/* End XCBuildConfiguration section */

/* Begin XCConfigurationList section */
		FCB8EE012A9DF7D00034EFDA /* Build configuration list for PBXProject "iTunesSearch" */ = {
			isa = XCConfigurationList;
			buildConfigurations = (
				FCB8EE282A9DF7D40034EFDA /* Debug */,
				FCB8EE292A9DF7D40034EFDA /* Release */,
			);
			defaultConfigurationIsVisible = 0;
			defaultConfigurationName = Release;
		};
		FCB8EE2A2A9DF7D40034EFDA /* Build configuration list for PBXNativeTarget "iTunesSearch" */ = {
			isa = XCConfigurationList;
			buildConfigurations = (
				FCB8EE2B2A9DF7D40034EFDA /* Debug */,
				FCB8EE2C2A9DF7D40034EFDA /* Release */,
			);
			defaultConfigurationIsVisible = 0;
			defaultConfigurationName = Release;
		};
		FCB8EE2D2A9DF7D40034EFDA /* Build configuration list for PBXNativeTarget "iTunesSearchTests" */ = {
			isa = XCConfigurationList;
			buildConfigurations = (
				FCB8EE2E2A9DF7D40034EFDA /* Debug */,
				FCB8EE2F2A9DF7D40034EFDA /* Release */,
			);
			defaultConfigurationIsVisible = 0;
			defaultConfigurationName = Release;
		};
/* End XCConfigurationList section */
	};
	rootObject = FCB8EDFE2A9DF7D00034EFDA /* Project object */;
}
